// !$*UTF8*$!
{
	archiveVersion = 1;
	classes = {
	};
	objectVersion = 56;
	objects = {

/* Begin PBXBuildFile section */
		039EE9932BBA2C6500E67A61 /* TabBar.storyboard in Resources */ = {isa = PBXBuildFile; fileRef = 039EE9922BBA2C6500E67A61 /* TabBar.storyboard */; };
		039EE9992BBA360400E67A61 /* Profile.storyboard in Resources */ = {isa = PBXBuildFile; fileRef = 039EE9982BBA360400E67A61 /* Profile.storyboard */; };
		039EE99D2BBA3C9000E67A61 /* TabBarController.swift in Sources */ = {isa = PBXBuildFile; fileRef = 039EE99C2BBA3C9000E67A61 /* TabBarController.swift */; };
		534AEF222BBDF87A00890812 /* ProfileViewController.swift in Sources */ = {isa = PBXBuildFile; fileRef = 534AEF212BBDF87A00890812 /* ProfileViewController.swift */; };
		53A70C922BA4DAA0008FC76C /* LinkingViewController.swift in Sources */ = {isa = PBXBuildFile; fileRef = 53A70C912BA4DAA0008FC76C /* LinkingViewController.swift */; };
		53B010BE2B9922BB008C0BA8 /* GameTitleViewController.swift in Sources */ = {isa = PBXBuildFile; fileRef = 53B010BD2B9922BB008C0BA8 /* GameTitleViewController.swift */; };
		53DA0CC32BC1F9BC00CEB3A0 /* Format.swift in Sources */ = {isa = PBXBuildFile; fileRef = 53DA0CC22BC1F9BC00CEB3A0 /* Format.swift */; };
		B6552B4D2BAE29F300D06004 /* GoogleService-Info.plist in Resources */ = {isa = PBXBuildFile; fileRef = B6552B4C2BAE29F300D06004 /* GoogleService-Info.plist */; };
		B6552B502BAE2A5600D06004 /* FirebaseAnalytics in Frameworks */ = {isa = PBXBuildFile; productRef = B6552B4F2BAE2A5600D06004 /* FirebaseAnalytics */; };
		B6552B522BAE2A5600D06004 /* FirebaseAnalyticsOnDeviceConversion in Frameworks */ = {isa = PBXBuildFile; productRef = B6552B512BAE2A5600D06004 /* FirebaseAnalyticsOnDeviceConversion */; };
		B6552B542BAE2A5600D06004 /* FirebaseAnalyticsSwift in Frameworks */ = {isa = PBXBuildFile; productRef = B6552B532BAE2A5600D06004 /* FirebaseAnalyticsSwift */; };
		B6552B562BAE2A5600D06004 /* FirebaseAnalyticsWithoutAdIdSupport in Frameworks */ = {isa = PBXBuildFile; productRef = B6552B552BAE2A5600D06004 /* FirebaseAnalyticsWithoutAdIdSupport */; };
		B6552B582BAE2A5600D06004 /* FirebaseAppCheck in Frameworks */ = {isa = PBXBuildFile; productRef = B6552B572BAE2A5600D06004 /* FirebaseAppCheck */; };
		B6552B5A2BAE2A5600D06004 /* FirebaseAppDistribution-Beta in Frameworks */ = {isa = PBXBuildFile; productRef = B6552B592BAE2A5600D06004 /* FirebaseAppDistribution-Beta */; };
		B6552B5C2BAE2A5600D06004 /* FirebaseAuth in Frameworks */ = {isa = PBXBuildFile; productRef = B6552B5B2BAE2A5600D06004 /* FirebaseAuth */; };
		B6552B5E2BAE2A5600D06004 /* FirebaseAuthCombine-Community in Frameworks */ = {isa = PBXBuildFile; productRef = B6552B5D2BAE2A5600D06004 /* FirebaseAuthCombine-Community */; };
		B6552B602BAE2A5600D06004 /* FirebaseCrashlytics in Frameworks */ = {isa = PBXBuildFile; productRef = B6552B5F2BAE2A5600D06004 /* FirebaseCrashlytics */; };
		B6552B622BAE2A5600D06004 /* FirebaseDatabase in Frameworks */ = {isa = PBXBuildFile; productRef = B6552B612BAE2A5600D06004 /* FirebaseDatabase */; };
		B6552B642BAE2A5600D06004 /* FirebaseDatabaseSwift in Frameworks */ = {isa = PBXBuildFile; productRef = B6552B632BAE2A5600D06004 /* FirebaseDatabaseSwift */; };
		B6552B662BAE2A5600D06004 /* FirebaseDynamicLinks in Frameworks */ = {isa = PBXBuildFile; productRef = B6552B652BAE2A5600D06004 /* FirebaseDynamicLinks */; };
		B6552B682BAE2A5600D06004 /* FirebaseFirestore in Frameworks */ = {isa = PBXBuildFile; productRef = B6552B672BAE2A5600D06004 /* FirebaseFirestore */; };
		B6552B6A2BAE2A5600D06004 /* FirebaseFirestoreCombine-Community in Frameworks */ = {isa = PBXBuildFile; productRef = B6552B692BAE2A5600D06004 /* FirebaseFirestoreCombine-Community */; };
		B6552B6C2BAE2A5600D06004 /* FirebaseFirestoreSwift in Frameworks */ = {isa = PBXBuildFile; productRef = B6552B6B2BAE2A5600D06004 /* FirebaseFirestoreSwift */; };
		B6552B6E2BAE2A5600D06004 /* FirebaseFunctions in Frameworks */ = {isa = PBXBuildFile; productRef = B6552B6D2BAE2A5600D06004 /* FirebaseFunctions */; };
		B6552B702BAE2A5600D06004 /* FirebaseFunctionsCombine-Community in Frameworks */ = {isa = PBXBuildFile; productRef = B6552B6F2BAE2A5600D06004 /* FirebaseFunctionsCombine-Community */; };
		B6552B722BAE2A5600D06004 /* FirebaseInAppMessaging-Beta in Frameworks */ = {isa = PBXBuildFile; productRef = B6552B712BAE2A5600D06004 /* FirebaseInAppMessaging-Beta */; };
		B6552B742BAE2A5600D06004 /* FirebaseInAppMessagingSwift-Beta in Frameworks */ = {isa = PBXBuildFile; productRef = B6552B732BAE2A5600D06004 /* FirebaseInAppMessagingSwift-Beta */; };
		B6552B762BAE2A5600D06004 /* FirebaseInstallations in Frameworks */ = {isa = PBXBuildFile; productRef = B6552B752BAE2A5600D06004 /* FirebaseInstallations */; };
		B6552B782BAE2A5600D06004 /* FirebaseMLModelDownloader in Frameworks */ = {isa = PBXBuildFile; productRef = B6552B772BAE2A5600D06004 /* FirebaseMLModelDownloader */; };
		B6552B7A2BAE2A5600D06004 /* FirebaseMessaging in Frameworks */ = {isa = PBXBuildFile; productRef = B6552B792BAE2A5600D06004 /* FirebaseMessaging */; };
		B6552B7C2BAE2A5600D06004 /* FirebasePerformance in Frameworks */ = {isa = PBXBuildFile; productRef = B6552B7B2BAE2A5600D06004 /* FirebasePerformance */; };
		B6552B7E2BAE2A5600D06004 /* FirebaseRemoteConfig in Frameworks */ = {isa = PBXBuildFile; productRef = B6552B7D2BAE2A5600D06004 /* FirebaseRemoteConfig */; };
		B6552B802BAE2A5600D06004 /* FirebaseRemoteConfigSwift in Frameworks */ = {isa = PBXBuildFile; productRef = B6552B7F2BAE2A5600D06004 /* FirebaseRemoteConfigSwift */; };
		B6552B822BAE2A5600D06004 /* FirebaseStorage in Frameworks */ = {isa = PBXBuildFile; productRef = B6552B812BAE2A5600D06004 /* FirebaseStorage */; };
		B6552B842BAE2A5600D06004 /* FirebaseStorageCombine-Community in Frameworks */ = {isa = PBXBuildFile; productRef = B6552B832BAE2A5600D06004 /* FirebaseStorageCombine-Community */; };
		B66C78092B8FD4C6005A736E /* EditorViewController.swift in Sources */ = {isa = PBXBuildFile; fileRef = B66C78082B8FD4C6005A736E /* EditorViewController.swift */; };
		B66C780B2B8FD4E0005A736E /* MapViewController.swift in Sources */ = {isa = PBXBuildFile; fileRef = B66C780A2B8FD4E0005A736E /* MapViewController.swift */; };
		B68F56D22B9A92A200179D09 /* GameManager.swift in Sources */ = {isa = PBXBuildFile; fileRef = B68F56D12B9A92A200179D09 /* GameManager.swift */; };
		B6953E7B2BC0857900CE543D /* FirebaseGame.swift in Sources */ = {isa = PBXBuildFile; fileRef = B6953E7A2BC0857900CE543D /* FirebaseGame.swift */; };
		B6953E852BC0A39200CE543D /* Color.swift in Sources */ = {isa = PBXBuildFile; fileRef = B6953E842BC0A39200CE543D /* Color.swift */; };
		B6953E8A2BC0A3B100CE543D /* LoginFlow.storyboard in Resources */ = {isa = PBXBuildFile; fileRef = B6953E862BC0A3B100CE543D /* LoginFlow.storyboard */; };
		B6953E8C2BC0A3B100CE543D /* SignupViewController.swift in Sources */ = {isa = PBXBuildFile; fileRef = B6953E882BC0A3B100CE543D /* SignupViewController.swift */; };
		B6953E8D2BC0A3B100CE543D /* LandingViewController.swift in Sources */ = {isa = PBXBuildFile; fileRef = B6953E892BC0A3B100CE543D /* LandingViewController.swift */; };
		B6CF7DC72BC1E3350044AED4 /* LoginViewController.swift in Sources */ = {isa = PBXBuildFile; fileRef = B6CF7DC62BC1E3350044AED4 /* LoginViewController.swift */; };
		B6CF7DC92BC1EC860044AED4 /* AuthActions.swift in Sources */ = {isa = PBXBuildFile; fileRef = B6CF7DC82BC1EC860044AED4 /* AuthActions.swift */; };
		B6CF7DCB2BC1F4990044AED4 /* StoredUser+CoreDataProperties.swift in Sources */ = {isa = PBXBuildFile; fileRef = B6CF7DCA2BC1F4990044AED4 /* StoredUser+CoreDataProperties.swift */; };
		B6CF7E702BC209A50044AED4 /* ExploreNavigation.swift in Sources */ = {isa = PBXBuildFile; fileRef = B6CF7E6A2BC209A50044AED4 /* ExploreNavigation.swift */; };
		B6CF7E712BC209A50044AED4 /* ExploreCell.swift in Sources */ = {isa = PBXBuildFile; fileRef = B6CF7E6C2BC209A50044AED4 /* ExploreCell.swift */; };
		B6CF7E722BC209A50044AED4 /* ExploreCell.xib in Resources */ = {isa = PBXBuildFile; fileRef = B6CF7E6D2BC209A50044AED4 /* ExploreCell.xib */; };
		B6CF7E732BC209A50044AED4 /* ExploreController.swift in Sources */ = {isa = PBXBuildFile; fileRef = B6CF7E6E2BC209A50044AED4 /* ExploreController.swift */; };
		B6CF7E742BC209A50044AED4 /* ExploreFlow.storyboard in Resources */ = {isa = PBXBuildFile; fileRef = B6CF7E6F2BC209A50044AED4 /* ExploreFlow.storyboard */; };
		B6CF7E782BC209AB0044AED4 /* GameScreen.swift in Sources */ = {isa = PBXBuildFile; fileRef = B6CF7E762BC209AB0044AED4 /* GameScreen.swift */; };
		B6CF7E792BC209AB0044AED4 /* GameScreen.storyboard in Resources */ = {isa = PBXBuildFile; fileRef = B6CF7E772BC209AB0044AED4 /* GameScreen.storyboard */; };
		B6CF7E8C2BC209B40044AED4 /* FilterView.swift in Sources */ = {isa = PBXBuildFile; fileRef = B6CF7E7C2BC209B40044AED4 /* FilterView.swift */; };
		B6CF7E8D2BC209B40044AED4 /* FilterView.xib in Resources */ = {isa = PBXBuildFile; fileRef = B6CF7E7D2BC209B40044AED4 /* FilterView.xib */; };
		B6CF7E8E2BC209B40044AED4 /* ContractionView.swift in Sources */ = {isa = PBXBuildFile; fileRef = B6CF7E7F2BC209B40044AED4 /* ContractionView.swift */; };
		B6CF7E8F2BC209B40044AED4 /* ContractionView.xib in Resources */ = {isa = PBXBuildFile; fileRef = B6CF7E802BC209B40044AED4 /* ContractionView.xib */; };
		B6CF7E902BC209B40044AED4 /* ContractionCell.swift in Sources */ = {isa = PBXBuildFile; fileRef = B6CF7E822BC209B40044AED4 /* ContractionCell.swift */; };
		B6CF7E912BC209B40044AED4 /* ContractionCell.xib in Resources */ = {isa = PBXBuildFile; fileRef = B6CF7E832BC209B40044AED4 /* ContractionCell.xib */; };
		B6CF7E922BC209B40044AED4 /* SearchFlow.swift in Sources */ = {isa = PBXBuildFile; fileRef = B6CF7E842BC209B40044AED4 /* SearchFlow.swift */; };
		B6CF7E932BC209B40044AED4 /* ResultView.swift in Sources */ = {isa = PBXBuildFile; fileRef = B6CF7E862BC209B40044AED4 /* ResultView.swift */; };
		B6CF7E942BC209B40044AED4 /* ResultView.xib in Resources */ = {isa = PBXBuildFile; fileRef = B6CF7E872BC209B40044AED4 /* ResultView.xib */; };
		B6CF7E952BC209B40044AED4 /* ResultCell.swift in Sources */ = {isa = PBXBuildFile; fileRef = B6CF7E892BC209B40044AED4 /* ResultCell.swift */; };
		B6CF7E962BC209B40044AED4 /* ResultCell.xib in Resources */ = {isa = PBXBuildFile; fileRef = B6CF7E8A2BC209B40044AED4 /* ResultCell.xib */; };
		B6CF7E972BC209B40044AED4 /* SearchFlow.storyboard in Resources */ = {isa = PBXBuildFile; fileRef = B6CF7E8B2BC209B40044AED4 /* SearchFlow.storyboard */; };
		B6CF7E9B2BC2211B0044AED4 /* Playmode.storyboard in Resources */ = {isa = PBXBuildFile; fileRef = B6CF7E992BC2211B0044AED4 /* Playmode.storyboard */; };
		B6CF7E9C2BC2211B0044AED4 /* PlaymodeViewController.swift in Sources */ = {isa = PBXBuildFile; fileRef = B6CF7E9A2BC2211B0044AED4 /* PlaymodeViewController.swift */; };
		B6CF7E9F2BC221BC0044AED4 /* DeleteGameDelegate.swift in Sources */ = {isa = PBXBuildFile; fileRef = B6CF7E9D2BC221BC0044AED4 /* DeleteGameDelegate.swift */; };
		B6CF7EA02BC221BC0044AED4 /* EditorNavigation.swift in Sources */ = {isa = PBXBuildFile; fileRef = B6CF7E9E2BC221BC0044AED4 /* EditorNavigation.swift */; };
		FF7880CF2BB0F60F00689BEC /* CropViewController in Frameworks */ = {isa = PBXBuildFile; productRef = FF7880CE2BB0F60F00689BEC /* CropViewController */; };
		FF7880D12BB0F60F00689BEC /* TOCropViewController in Frameworks */ = {isa = PBXBuildFile; productRef = FF7880D02BB0F60F00689BEC /* TOCropViewController */; };
		FF94C44C2BA9468A0089E47C /* StoredGame+CoreDataClass.swift in Sources */ = {isa = PBXBuildFile; fileRef = FF94C4442BA9468A0089E47C /* StoredGame+CoreDataClass.swift */; };
		FF94C44D2BA9468A0089E47C /* StoredOption+CoreDataClass.swift in Sources */ = {isa = PBXBuildFile; fileRef = FF94C4452BA9468A0089E47C /* StoredOption+CoreDataClass.swift */; };
		FF94C44E2BA9468A0089E47C /* StoredOption+CoreDataProperties.swift in Sources */ = {isa = PBXBuildFile; fileRef = FF94C4462BA9468A0089E47C /* StoredOption+CoreDataProperties.swift */; };
		FF94C44F2BA9468A0089E47C /* StoredTile+CoreDataClass.swift in Sources */ = {isa = PBXBuildFile; fileRef = FF94C4472BA9468A0089E47C /* StoredTile+CoreDataClass.swift */; };
		FF94C4512BA9468A0089E47C /* StoredTile+CoreDataProperties.swift in Sources */ = {isa = PBXBuildFile; fileRef = FF94C4492BA9468A0089E47C /* StoredTile+CoreDataProperties.swift */; };
		FF94C4522BA9468A0089E47C /* StoredGame+CoreDataProperties.swift in Sources */ = {isa = PBXBuildFile; fileRef = FF94C44A2BA9468A0089E47C /* StoredGame+CoreDataProperties.swift */; };
		FF94C4532BA9468A0089E47C /* StoredUser+CoreDataClass.swift in Sources */ = {isa = PBXBuildFile; fileRef = FF94C44B2BA9468A0089E47C /* StoredUser+CoreDataClass.swift */; };
		FF9A35952B8D510700A38D62 /* AppDelegate.swift in Sources */ = {isa = PBXBuildFile; fileRef = FF9A35942B8D510700A38D62 /* AppDelegate.swift */; };
		FF9A35972B8D510700A38D62 /* SceneDelegate.swift in Sources */ = {isa = PBXBuildFile; fileRef = FF9A35962B8D510700A38D62 /* SceneDelegate.swift */; };
		FF9A35992B8D510700A38D62 /* MyGamesViewController.swift in Sources */ = {isa = PBXBuildFile; fileRef = FF9A35982B8D510700A38D62 /* MyGamesViewController.swift */; };
		FF9A359C2B8D510700A38D62 /* Main.storyboard in Resources */ = {isa = PBXBuildFile; fileRef = FF9A359A2B8D510700A38D62 /* Main.storyboard */; };
		FF9A359F2B8D510700A38D62 /* Wander.xcdatamodeld in Sources */ = {isa = PBXBuildFile; fileRef = FF9A359D2B8D510700A38D62 /* Wander.xcdatamodeld */; };
		FF9A35A12B8D510900A38D62 /* Assets.xcassets in Resources */ = {isa = PBXBuildFile; fileRef = FF9A35A02B8D510900A38D62 /* Assets.xcassets */; };
		FF9A35A42B8D510900A38D62 /* LaunchScreen.storyboard in Resources */ = {isa = PBXBuildFile; fileRef = FF9A35A22B8D510900A38D62 /* LaunchScreen.storyboard */; };
		FFA468232BC499A700AE3FAB /* InfoGame.swift in Sources */ = {isa = PBXBuildFile; fileRef = FFA468222BC499A700AE3FAB /* InfoGame.swift */; };
/* End PBXBuildFile section */

/* Begin PBXFileReference section */
		039EE9922BBA2C6500E67A61 /* TabBar.storyboard */ = {isa = PBXFileReference; lastKnownFileType = file.storyboard; path = TabBar.storyboard; sourceTree = "<group>"; };
		039EE9982BBA360400E67A61 /* Profile.storyboard */ = {isa = PBXFileReference; lastKnownFileType = file.storyboard; path = Profile.storyboard; sourceTree = "<group>"; };
		039EE99C2BBA3C9000E67A61 /* TabBarController.swift */ = {isa = PBXFileReference; lastKnownFileType = sourcecode.swift; path = TabBarController.swift; sourceTree = "<group>"; };
		534AEF212BBDF87A00890812 /* ProfileViewController.swift */ = {isa = PBXFileReference; lastKnownFileType = sourcecode.swift; path = ProfileViewController.swift; sourceTree = "<group>"; };
		53A70C912BA4DAA0008FC76C /* LinkingViewController.swift */ = {isa = PBXFileReference; lastKnownFileType = sourcecode.swift; path = LinkingViewController.swift; sourceTree = "<group>"; };
		53B010BD2B9922BB008C0BA8 /* GameTitleViewController.swift */ = {isa = PBXFileReference; lastKnownFileType = sourcecode.swift; path = GameTitleViewController.swift; sourceTree = "<group>"; };
		53DA0CC22BC1F9BC00CEB3A0 /* Format.swift */ = {isa = PBXFileReference; lastKnownFileType = sourcecode.swift; path = Format.swift; sourceTree = "<group>"; };
		B6552B4C2BAE29F300D06004 /* GoogleService-Info.plist */ = {isa = PBXFileReference; fileEncoding = 4; lastKnownFileType = text.plist.xml; path = "GoogleService-Info.plist"; sourceTree = "<group>"; };
		B6552B852BAE2ABC00D06004 /* Wander.entitlements */ = {isa = PBXFileReference; lastKnownFileType = text.plist.entitlements; path = Wander.entitlements; sourceTree = "<group>"; };
		B66C78082B8FD4C6005A736E /* EditorViewController.swift */ = {isa = PBXFileReference; lastKnownFileType = sourcecode.swift; path = EditorViewController.swift; sourceTree = "<group>"; };
		B66C780A2B8FD4E0005A736E /* MapViewController.swift */ = {isa = PBXFileReference; lastKnownFileType = sourcecode.swift; path = MapViewController.swift; sourceTree = "<group>"; };
		B68F56D12B9A92A200179D09 /* GameManager.swift */ = {isa = PBXFileReference; lastKnownFileType = sourcecode.swift; path = GameManager.swift; sourceTree = "<group>"; };
		B6953E7A2BC0857900CE543D /* FirebaseGame.swift */ = {isa = PBXFileReference; lastKnownFileType = sourcecode.swift; path = FirebaseGame.swift; sourceTree = "<group>"; };
		B6953E842BC0A39200CE543D /* Color.swift */ = {isa = PBXFileReference; fileEncoding = 4; lastKnownFileType = sourcecode.swift; path = Color.swift; sourceTree = "<group>"; };
		B6953E862BC0A3B100CE543D /* LoginFlow.storyboard */ = {isa = PBXFileReference; fileEncoding = 4; lastKnownFileType = file.storyboard; path = LoginFlow.storyboard; sourceTree = "<group>"; };
		B6953E882BC0A3B100CE543D /* SignupViewController.swift */ = {isa = PBXFileReference; fileEncoding = 4; lastKnownFileType = sourcecode.swift; path = SignupViewController.swift; sourceTree = "<group>"; };
		B6953E892BC0A3B100CE543D /* LandingViewController.swift */ = {isa = PBXFileReference; fileEncoding = 4; lastKnownFileType = sourcecode.swift; path = LandingViewController.swift; sourceTree = "<group>"; };
		B6CF7DC62BC1E3350044AED4 /* LoginViewController.swift */ = {isa = PBXFileReference; fileEncoding = 4; lastKnownFileType = sourcecode.swift; path = LoginViewController.swift; sourceTree = "<group>"; };
		B6CF7DC82BC1EC860044AED4 /* AuthActions.swift */ = {isa = PBXFileReference; lastKnownFileType = sourcecode.swift; path = AuthActions.swift; sourceTree = "<group>"; };
		B6CF7DCA2BC1F4990044AED4 /* StoredUser+CoreDataProperties.swift */ = {isa = PBXFileReference; lastKnownFileType = sourcecode.swift; path = "StoredUser+CoreDataProperties.swift"; sourceTree = "<group>"; };
		B6CF7E6A2BC209A50044AED4 /* ExploreNavigation.swift */ = {isa = PBXFileReference; fileEncoding = 4; lastKnownFileType = sourcecode.swift; path = ExploreNavigation.swift; sourceTree = "<group>"; };
		B6CF7E6C2BC209A50044AED4 /* ExploreCell.swift */ = {isa = PBXFileReference; fileEncoding = 4; lastKnownFileType = sourcecode.swift; path = ExploreCell.swift; sourceTree = "<group>"; };
		B6CF7E6D2BC209A50044AED4 /* ExploreCell.xib */ = {isa = PBXFileReference; fileEncoding = 4; lastKnownFileType = file.xib; path = ExploreCell.xib; sourceTree = "<group>"; };
		B6CF7E6E2BC209A50044AED4 /* ExploreController.swift */ = {isa = PBXFileReference; fileEncoding = 4; lastKnownFileType = sourcecode.swift; path = ExploreController.swift; sourceTree = "<group>"; };
		B6CF7E6F2BC209A50044AED4 /* ExploreFlow.storyboard */ = {isa = PBXFileReference; fileEncoding = 4; lastKnownFileType = file.storyboard; path = ExploreFlow.storyboard; sourceTree = "<group>"; };
		B6CF7E762BC209AB0044AED4 /* GameScreen.swift */ = {isa = PBXFileReference; fileEncoding = 4; lastKnownFileType = sourcecode.swift; path = GameScreen.swift; sourceTree = "<group>"; };
		B6CF7E772BC209AB0044AED4 /* GameScreen.storyboard */ = {isa = PBXFileReference; fileEncoding = 4; lastKnownFileType = file.storyboard; path = GameScreen.storyboard; sourceTree = "<group>"; };
		B6CF7E7C2BC209B40044AED4 /* FilterView.swift */ = {isa = PBXFileReference; fileEncoding = 4; lastKnownFileType = sourcecode.swift; path = FilterView.swift; sourceTree = "<group>"; };
		B6CF7E7D2BC209B40044AED4 /* FilterView.xib */ = {isa = PBXFileReference; fileEncoding = 4; lastKnownFileType = file.xib; path = FilterView.xib; sourceTree = "<group>"; };
		B6CF7E7F2BC209B40044AED4 /* ContractionView.swift */ = {isa = PBXFileReference; fileEncoding = 4; lastKnownFileType = sourcecode.swift; path = ContractionView.swift; sourceTree = "<group>"; };
		B6CF7E802BC209B40044AED4 /* ContractionView.xib */ = {isa = PBXFileReference; fileEncoding = 4; lastKnownFileType = file.xib; path = ContractionView.xib; sourceTree = "<group>"; };
		B6CF7E822BC209B40044AED4 /* ContractionCell.swift */ = {isa = PBXFileReference; fileEncoding = 4; lastKnownFileType = sourcecode.swift; path = ContractionCell.swift; sourceTree = "<group>"; };
		B6CF7E832BC209B40044AED4 /* ContractionCell.xib */ = {isa = PBXFileReference; fileEncoding = 4; lastKnownFileType = file.xib; path = ContractionCell.xib; sourceTree = "<group>"; };
		B6CF7E842BC209B40044AED4 /* SearchFlow.swift */ = {isa = PBXFileReference; fileEncoding = 4; lastKnownFileType = sourcecode.swift; path = SearchFlow.swift; sourceTree = "<group>"; };
		B6CF7E862BC209B40044AED4 /* ResultView.swift */ = {isa = PBXFileReference; fileEncoding = 4; lastKnownFileType = sourcecode.swift; path = ResultView.swift; sourceTree = "<group>"; };
		B6CF7E872BC209B40044AED4 /* ResultView.xib */ = {isa = PBXFileReference; fileEncoding = 4; lastKnownFileType = file.xib; path = ResultView.xib; sourceTree = "<group>"; };
		B6CF7E892BC209B40044AED4 /* ResultCell.swift */ = {isa = PBXFileReference; fileEncoding = 4; lastKnownFileType = sourcecode.swift; path = ResultCell.swift; sourceTree = "<group>"; };
		B6CF7E8A2BC209B40044AED4 /* ResultCell.xib */ = {isa = PBXFileReference; fileEncoding = 4; lastKnownFileType = file.xib; path = ResultCell.xib; sourceTree = "<group>"; };
		B6CF7E8B2BC209B40044AED4 /* SearchFlow.storyboard */ = {isa = PBXFileReference; fileEncoding = 4; lastKnownFileType = file.storyboard; path = SearchFlow.storyboard; sourceTree = "<group>"; };
		B6CF7E992BC2211B0044AED4 /* Playmode.storyboard */ = {isa = PBXFileReference; fileEncoding = 4; lastKnownFileType = file.storyboard; path = Playmode.storyboard; sourceTree = "<group>"; };
		B6CF7E9A2BC2211B0044AED4 /* PlaymodeViewController.swift */ = {isa = PBXFileReference; fileEncoding = 4; lastKnownFileType = sourcecode.swift; path = PlaymodeViewController.swift; sourceTree = "<group>"; };
		B6CF7E9D2BC221BC0044AED4 /* DeleteGameDelegate.swift */ = {isa = PBXFileReference; fileEncoding = 4; lastKnownFileType = sourcecode.swift; path = DeleteGameDelegate.swift; sourceTree = "<group>"; };
		B6CF7E9E2BC221BC0044AED4 /* EditorNavigation.swift */ = {isa = PBXFileReference; fileEncoding = 4; lastKnownFileType = sourcecode.swift; path = EditorNavigation.swift; sourceTree = "<group>"; };
		FF94C4442BA9468A0089E47C /* StoredGame+CoreDataClass.swift */ = {isa = PBXFileReference; fileEncoding = 4; lastKnownFileType = sourcecode.swift; path = "StoredGame+CoreDataClass.swift"; sourceTree = "<group>"; };
		FF94C4452BA9468A0089E47C /* StoredOption+CoreDataClass.swift */ = {isa = PBXFileReference; fileEncoding = 4; lastKnownFileType = sourcecode.swift; path = "StoredOption+CoreDataClass.swift"; sourceTree = "<group>"; };
		FF94C4462BA9468A0089E47C /* StoredOption+CoreDataProperties.swift */ = {isa = PBXFileReference; fileEncoding = 4; lastKnownFileType = sourcecode.swift; path = "StoredOption+CoreDataProperties.swift"; sourceTree = "<group>"; };
		FF94C4472BA9468A0089E47C /* StoredTile+CoreDataClass.swift */ = {isa = PBXFileReference; fileEncoding = 4; lastKnownFileType = sourcecode.swift; path = "StoredTile+CoreDataClass.swift"; sourceTree = "<group>"; };
		FF94C4492BA9468A0089E47C /* StoredTile+CoreDataProperties.swift */ = {isa = PBXFileReference; fileEncoding = 4; lastKnownFileType = sourcecode.swift; path = "StoredTile+CoreDataProperties.swift"; sourceTree = "<group>"; };
		FF94C44A2BA9468A0089E47C /* StoredGame+CoreDataProperties.swift */ = {isa = PBXFileReference; fileEncoding = 4; lastKnownFileType = sourcecode.swift; path = "StoredGame+CoreDataProperties.swift"; sourceTree = "<group>"; };
		FF94C44B2BA9468A0089E47C /* StoredUser+CoreDataClass.swift */ = {isa = PBXFileReference; fileEncoding = 4; lastKnownFileType = sourcecode.swift; path = "StoredUser+CoreDataClass.swift"; sourceTree = "<group>"; };
		FF9A35912B8D510700A38D62 /* Wander.app */ = {isa = PBXFileReference; explicitFileType = wrapper.application; includeInIndex = 0; path = Wander.app; sourceTree = BUILT_PRODUCTS_DIR; };
		FF9A35942B8D510700A38D62 /* AppDelegate.swift */ = {isa = PBXFileReference; lastKnownFileType = sourcecode.swift; path = AppDelegate.swift; sourceTree = "<group>"; };
		FF9A35962B8D510700A38D62 /* SceneDelegate.swift */ = {isa = PBXFileReference; lastKnownFileType = sourcecode.swift; path = SceneDelegate.swift; sourceTree = "<group>"; };
		FF9A35982B8D510700A38D62 /* MyGamesViewController.swift */ = {isa = PBXFileReference; lastKnownFileType = sourcecode.swift; path = MyGamesViewController.swift; sourceTree = "<group>"; };
		FF9A359B2B8D510700A38D62 /* Base */ = {isa = PBXFileReference; lastKnownFileType = file.storyboard; name = Base; path = Base.lproj/Main.storyboard; sourceTree = "<group>"; };
		FF9A359E2B8D510700A38D62 /* Wander.xcdatamodel */ = {isa = PBXFileReference; lastKnownFileType = wrapper.xcdatamodel; path = Wander.xcdatamodel; sourceTree = "<group>"; };
		FF9A35A02B8D510900A38D62 /* Assets.xcassets */ = {isa = PBXFileReference; lastKnownFileType = folder.assetcatalog; path = Assets.xcassets; sourceTree = "<group>"; };
		FF9A35A32B8D510900A38D62 /* Base */ = {isa = PBXFileReference; lastKnownFileType = file.storyboard; name = Base; path = Base.lproj/LaunchScreen.storyboard; sourceTree = "<group>"; };
		FF9A35A52B8D510900A38D62 /* Info.plist */ = {isa = PBXFileReference; lastKnownFileType = text.plist.xml; path = Info.plist; sourceTree = "<group>"; };
		FFA468222BC499A700AE3FAB /* InfoGame.swift */ = {isa = PBXFileReference; lastKnownFileType = sourcecode.swift; path = InfoGame.swift; sourceTree = "<group>"; };
/* End PBXFileReference section */

/* Begin PBXFrameworksBuildPhase section */
		FF9A358E2B8D510700A38D62 /* Frameworks */ = {
			isa = PBXFrameworksBuildPhase;
			buildActionMask = 2147483647;
			files = (
				B6552B742BAE2A5600D06004 /* FirebaseInAppMessagingSwift-Beta in Frameworks */,
				B6552B642BAE2A5600D06004 /* FirebaseDatabaseSwift in Frameworks */,
				B6552B622BAE2A5600D06004 /* FirebaseDatabase in Frameworks */,
				B6552B782BAE2A5600D06004 /* FirebaseMLModelDownloader in Frameworks */,
				B6552B582BAE2A5600D06004 /* FirebaseAppCheck in Frameworks */,
				B6552B702BAE2A5600D06004 /* FirebaseFunctionsCombine-Community in Frameworks */,
				B6552B762BAE2A5600D06004 /* FirebaseInstallations in Frameworks */,
				B6552B7A2BAE2A5600D06004 /* FirebaseMessaging in Frameworks */,
				B6552B5C2BAE2A5600D06004 /* FirebaseAuth in Frameworks */,
				B6552B7E2BAE2A5600D06004 /* FirebaseRemoteConfig in Frameworks */,
				B6552B542BAE2A5600D06004 /* FirebaseAnalyticsSwift in Frameworks */,
				B6552B822BAE2A5600D06004 /* FirebaseStorage in Frameworks */,
				B6552B7C2BAE2A5600D06004 /* FirebasePerformance in Frameworks */,
				B6552B682BAE2A5600D06004 /* FirebaseFirestore in Frameworks */,
				B6552B722BAE2A5600D06004 /* FirebaseInAppMessaging-Beta in Frameworks */,
				B6552B522BAE2A5600D06004 /* FirebaseAnalyticsOnDeviceConversion in Frameworks */,
				B6552B802BAE2A5600D06004 /* FirebaseRemoteConfigSwift in Frameworks */,
				B6552B5E2BAE2A5600D06004 /* FirebaseAuthCombine-Community in Frameworks */,
				B6552B6E2BAE2A5600D06004 /* FirebaseFunctions in Frameworks */,
				B6552B562BAE2A5600D06004 /* FirebaseAnalyticsWithoutAdIdSupport in Frameworks */,
				B6552B842BAE2A5600D06004 /* FirebaseStorageCombine-Community in Frameworks */,
				B6552B6A2BAE2A5600D06004 /* FirebaseFirestoreCombine-Community in Frameworks */,
				B6552B502BAE2A5600D06004 /* FirebaseAnalytics in Frameworks */,
				B6552B602BAE2A5600D06004 /* FirebaseCrashlytics in Frameworks */,
				B6552B5A2BAE2A5600D06004 /* FirebaseAppDistribution-Beta in Frameworks */,
				B6552B662BAE2A5600D06004 /* FirebaseDynamicLinks in Frameworks */,
				B6552B6C2BAE2A5600D06004 /* FirebaseFirestoreSwift in Frameworks */,
				FF7880D12BB0F60F00689BEC /* TOCropViewController in Frameworks */,
				FF7880CF2BB0F60F00689BEC /* CropViewController in Frameworks */,
			);
			runOnlyForDeploymentPostprocessing = 0;
		};
/* End PBXFrameworksBuildPhase section */

/* Begin PBXGroup section */
		534AEF202BBDF86200890812 /* Profile */ = {
			isa = PBXGroup;
			children = (
				039EE9982BBA360400E67A61 /* Profile.storyboard */,
				534AEF212BBDF87A00890812 /* ProfileViewController.swift */,
			);
			path = Profile;
			sourceTree = "<group>";
		};
		B6953E822BC0A37E00CE543D /* Assets */ = {
			isa = PBXGroup;
			children = (
				B6953E842BC0A39200CE543D /* Color.swift */,
				53DA0CC22BC1F9BC00CEB3A0 /* Format.swift */,
			);
			path = Assets;
			sourceTree = "<group>";
		};
		B6953E832BC0A38300CE543D /* Login */ = {
			isa = PBXGroup;
			children = (
				B6953E892BC0A3B100CE543D /* LandingViewController.swift */,
				B6CF7DC62BC1E3350044AED4 /* LoginViewController.swift */,
				B6953E862BC0A3B100CE543D /* LoginFlow.storyboard */,
				B6953E882BC0A3B100CE543D /* SignupViewController.swift */,
				B6CF7DC82BC1EC860044AED4 /* AuthActions.swift */,
			);
			path = Login;
			sourceTree = "<group>";
		};
		B6CF7E692BC209A50044AED4 /* Explore */ = {
			isa = PBXGroup;
			children = (
				B6CF7E6B2BC209A50044AED4 /* ExploreCell */,
				B6CF7E6F2BC209A50044AED4 /* ExploreFlow.storyboard */,
				B6CF7E6A2BC209A50044AED4 /* ExploreNavigation.swift */,
				B6CF7E6E2BC209A50044AED4 /* ExploreController.swift */,
			);
			path = Explore;
			sourceTree = "<group>";
		};
		B6CF7E6B2BC209A50044AED4 /* ExploreCell */ = {
			isa = PBXGroup;
			children = (
				B6CF7E6C2BC209A50044AED4 /* ExploreCell.swift */,
				B6CF7E6D2BC209A50044AED4 /* ExploreCell.xib */,
			);
			path = ExploreCell;
			sourceTree = "<group>";
		};
		B6CF7E752BC209AB0044AED4 /* GameScreen */ = {
			isa = PBXGroup;
			children = (
				B6CF7E772BC209AB0044AED4 /* GameScreen.storyboard */,
				B6CF7E762BC209AB0044AED4 /* GameScreen.swift */,
			);
			path = GameScreen;
			sourceTree = "<group>";
		};
		B6CF7E7A2BC209B40044AED4 /* Search */ = {
			isa = PBXGroup;
			children = (
				B6CF7E7B2BC209B40044AED4 /* FilterView */,
				B6CF7E7E2BC209B40044AED4 /* ContractionView */,
				B6CF7E812BC209B40044AED4 /* ContractionCell */,
				B6CF7E882BC209B40044AED4 /* ResultCell */,
				B6CF7E852BC209B40044AED4 /* ResultView */,
				B6CF7E8B2BC209B40044AED4 /* SearchFlow.storyboard */,
				B6CF7E842BC209B40044AED4 /* SearchFlow.swift */,
			);
			path = Search;
			sourceTree = "<group>";
		};
		B6CF7E7B2BC209B40044AED4 /* FilterView */ = {
			isa = PBXGroup;
			children = (
				B6CF7E7D2BC209B40044AED4 /* FilterView.xib */,
				B6CF7E7C2BC209B40044AED4 /* FilterView.swift */,
			);
			path = FilterView;
			sourceTree = "<group>";
		};
		B6CF7E7E2BC209B40044AED4 /* ContractionView */ = {
			isa = PBXGroup;
			children = (
				B6CF7E7F2BC209B40044AED4 /* ContractionView.swift */,
				B6CF7E802BC209B40044AED4 /* ContractionView.xib */,
			);
			path = ContractionView;
			sourceTree = "<group>";
		};
		B6CF7E812BC209B40044AED4 /* ContractionCell */ = {
			isa = PBXGroup;
			children = (
				B6CF7E822BC209B40044AED4 /* ContractionCell.swift */,
				B6CF7E832BC209B40044AED4 /* ContractionCell.xib */,
			);
			path = ContractionCell;
			sourceTree = "<group>";
		};
		B6CF7E852BC209B40044AED4 /* ResultView */ = {
			isa = PBXGroup;
			children = (
				B6CF7E862BC209B40044AED4 /* ResultView.swift */,
				B6CF7E872BC209B40044AED4 /* ResultView.xib */,
			);
			path = ResultView;
			sourceTree = "<group>";
		};
		B6CF7E882BC209B40044AED4 /* ResultCell */ = {
			isa = PBXGroup;
			children = (
				B6CF7E892BC209B40044AED4 /* ResultCell.swift */,
				B6CF7E8A2BC209B40044AED4 /* ResultCell.xib */,
			);
			path = ResultCell;
			sourceTree = "<group>";
		};
		B6CF7E982BC2211B0044AED4 /* Playtesting */ = {
			isa = PBXGroup;
			children = (
				B6CF7E992BC2211B0044AED4 /* Playmode.storyboard */,
				B6CF7E9A2BC2211B0044AED4 /* PlaymodeViewController.swift */,
			);
			path = Playtesting;
			sourceTree = "<group>";
		};
		FF94C4432BA9465D0089E47C /* CoreData */ = {
			isa = PBXGroup;
			children = (
				B6CF7DCA2BC1F4990044AED4 /* StoredUser+CoreDataProperties.swift */,
				FF94C4442BA9468A0089E47C /* StoredGame+CoreDataClass.swift */,
				FF94C44A2BA9468A0089E47C /* StoredGame+CoreDataProperties.swift */,
				FF94C4452BA9468A0089E47C /* StoredOption+CoreDataClass.swift */,
				FF94C4462BA9468A0089E47C /* StoredOption+CoreDataProperties.swift */,
				FF94C4472BA9468A0089E47C /* StoredTile+CoreDataClass.swift */,
				FF94C4492BA9468A0089E47C /* StoredTile+CoreDataProperties.swift */,
				FF94C44B2BA9468A0089E47C /* StoredUser+CoreDataClass.swift */,
				B6953E7A2BC0857900CE543D /* FirebaseGame.swift */,
				FFA468222BC499A700AE3FAB /* InfoGame.swift */,
			);
			path = CoreData;
			sourceTree = "<group>";
		};
		FF9A35882B8D510600A38D62 = {
			isa = PBXGroup;
			children = (
				FF9A35932B8D510700A38D62 /* Wander */,
				FF9A35922B8D510700A38D62 /* Products */,
			);
			sourceTree = "<group>";
		};
		FF9A35922B8D510700A38D62 /* Products */ = {
			isa = PBXGroup;
			children = (
				FF9A35912B8D510700A38D62 /* Wander.app */,
			);
			name = Products;
			sourceTree = "<group>";
		};
		FF9A35932B8D510700A38D62 /* Wander */ = {
			isa = PBXGroup;
			children = (
				B6CF7E9D2BC221BC0044AED4 /* DeleteGameDelegate.swift */,
				B6CF7E9E2BC221BC0044AED4 /* EditorNavigation.swift */,
				B6CF7E982BC2211B0044AED4 /* Playtesting */,
				B6CF7E7A2BC209B40044AED4 /* Search */,
				B6CF7E752BC209AB0044AED4 /* GameScreen */,
				B6CF7E692BC209A50044AED4 /* Explore */,
				B6953E832BC0A38300CE543D /* Login */,
				B6953E822BC0A37E00CE543D /* Assets */,
				B6552B852BAE2ABC00D06004 /* Wander.entitlements */,
				B6552B4C2BAE29F300D06004 /* GoogleService-Info.plist */,
				534AEF202BBDF86200890812 /* Profile */,
				FF94C4432BA9465D0089E47C /* CoreData */,
				FF9A35942B8D510700A38D62 /* AppDelegate.swift */,
				FF9A35962B8D510700A38D62 /* SceneDelegate.swift */,
				B68F56D12B9A92A200179D09 /* GameManager.swift */,
				FF9A35982B8D510700A38D62 /* MyGamesViewController.swift */,
				53B010BD2B9922BB008C0BA8 /* GameTitleViewController.swift */,
				B66C780A2B8FD4E0005A736E /* MapViewController.swift */,
				B66C78082B8FD4C6005A736E /* EditorViewController.swift */,
				53A70C912BA4DAA0008FC76C /* LinkingViewController.swift */,
				FF9A35A02B8D510900A38D62 /* Assets.xcassets */,
				FF9A359A2B8D510700A38D62 /* Main.storyboard */,
				039EE9922BBA2C6500E67A61 /* TabBar.storyboard */,
				039EE99C2BBA3C9000E67A61 /* TabBarController.swift */,
				FF9A35A22B8D510900A38D62 /* LaunchScreen.storyboard */,
				FF9A359D2B8D510700A38D62 /* Wander.xcdatamodeld */,
				FF9A35A52B8D510900A38D62 /* Info.plist */,
			);
			path = Wander;
			sourceTree = "<group>";
		};
/* End PBXGroup section */

/* Begin PBXNativeTarget section */
		FF9A35902B8D510700A38D62 /* Wander */ = {
			isa = PBXNativeTarget;
			buildConfigurationList = FF9A35A82B8D510900A38D62 /* Build configuration list for PBXNativeTarget "Wander" */;
			buildPhases = (
				FF9A358D2B8D510700A38D62 /* Sources */,
				FF9A358E2B8D510700A38D62 /* Frameworks */,
				FF9A358F2B8D510700A38D62 /* Resources */,
			);
			buildRules = (
			);
			dependencies = (
			);
			name = Wander;
			packageProductDependencies = (
				B6552B4F2BAE2A5600D06004 /* FirebaseAnalytics */,
				B6552B512BAE2A5600D06004 /* FirebaseAnalyticsOnDeviceConversion */,
				B6552B532BAE2A5600D06004 /* FirebaseAnalyticsSwift */,
				B6552B552BAE2A5600D06004 /* FirebaseAnalyticsWithoutAdIdSupport */,
				B6552B572BAE2A5600D06004 /* FirebaseAppCheck */,
				B6552B592BAE2A5600D06004 /* FirebaseAppDistribution-Beta */,
				B6552B5B2BAE2A5600D06004 /* FirebaseAuth */,
				B6552B5D2BAE2A5600D06004 /* FirebaseAuthCombine-Community */,
				B6552B5F2BAE2A5600D06004 /* FirebaseCrashlytics */,
				B6552B612BAE2A5600D06004 /* FirebaseDatabase */,
				B6552B632BAE2A5600D06004 /* FirebaseDatabaseSwift */,
				B6552B652BAE2A5600D06004 /* FirebaseDynamicLinks */,
				B6552B672BAE2A5600D06004 /* FirebaseFirestore */,
				B6552B692BAE2A5600D06004 /* FirebaseFirestoreCombine-Community */,
				B6552B6B2BAE2A5600D06004 /* FirebaseFirestoreSwift */,
				B6552B6D2BAE2A5600D06004 /* FirebaseFunctions */,
				B6552B6F2BAE2A5600D06004 /* FirebaseFunctionsCombine-Community */,
				B6552B712BAE2A5600D06004 /* FirebaseInAppMessaging-Beta */,
				B6552B732BAE2A5600D06004 /* FirebaseInAppMessagingSwift-Beta */,
				B6552B752BAE2A5600D06004 /* FirebaseInstallations */,
				B6552B772BAE2A5600D06004 /* FirebaseMLModelDownloader */,
				B6552B792BAE2A5600D06004 /* FirebaseMessaging */,
				B6552B7B2BAE2A5600D06004 /* FirebasePerformance */,
				B6552B7D2BAE2A5600D06004 /* FirebaseRemoteConfig */,
				B6552B7F2BAE2A5600D06004 /* FirebaseRemoteConfigSwift */,
				B6552B812BAE2A5600D06004 /* FirebaseStorage */,
				B6552B832BAE2A5600D06004 /* FirebaseStorageCombine-Community */,
				FF7880CE2BB0F60F00689BEC /* CropViewController */,
				FF7880D02BB0F60F00689BEC /* TOCropViewController */,
			);
			productName = Wander;
			productReference = FF9A35912B8D510700A38D62 /* Wander.app */;
			productType = "com.apple.product-type.application";
		};
/* End PBXNativeTarget section */

/* Begin PBXProject section */
		FF9A35892B8D510600A38D62 /* Project object */ = {
			isa = PBXProject;
			attributes = {
				BuildIndependentTargetsInParallel = 1;
				LastSwiftUpdateCheck = 1520;
				LastUpgradeCheck = 1520;
				TargetAttributes = {
					FF9A35902B8D510700A38D62 = {
						CreatedOnToolsVersion = 15.2;
					};
				};
			};
			buildConfigurationList = FF9A358C2B8D510600A38D62 /* Build configuration list for PBXProject "Wander" */;
			compatibilityVersion = "Xcode 14.0";
			developmentRegion = en;
			hasScannedForEncodings = 0;
			knownRegions = (
				en,
				Base,
			);
			mainGroup = FF9A35882B8D510600A38D62;
			packageReferences = (
				B6552B4E2BAE2A5600D06004 /* XCRemoteSwiftPackageReference "firebase-ios-sdk" */,
				FF7880CD2BB0F60F00689BEC /* XCRemoteSwiftPackageReference "TOCropViewController" */,
			);
			productRefGroup = FF9A35922B8D510700A38D62 /* Products */;
			projectDirPath = "";
			projectRoot = "";
			targets = (
				FF9A35902B8D510700A38D62 /* Wander */,
			);
		};
/* End PBXProject section */

/* Begin PBXResourcesBuildPhase section */
		FF9A358F2B8D510700A38D62 /* Resources */ = {
			isa = PBXResourcesBuildPhase;
			buildActionMask = 2147483647;
			files = (
				B6CF7E942BC209B40044AED4 /* ResultView.xib in Resources */,
				B6CF7E8F2BC209B40044AED4 /* ContractionView.xib in Resources */,
				B6CF7E742BC209A50044AED4 /* ExploreFlow.storyboard in Resources */,
				B6CF7E912BC209B40044AED4 /* ContractionCell.xib in Resources */,
				039EE9932BBA2C6500E67A61 /* TabBar.storyboard in Resources */,
				FF9A35A42B8D510900A38D62 /* LaunchScreen.storyboard in Resources */,
				B6CF7E972BC209B40044AED4 /* SearchFlow.storyboard in Resources */,
				B6552B4D2BAE29F300D06004 /* GoogleService-Info.plist in Resources */,
				FF9A35A12B8D510900A38D62 /* Assets.xcassets in Resources */,
				B6CF7E792BC209AB0044AED4 /* GameScreen.storyboard in Resources */,
				039EE9992BBA360400E67A61 /* Profile.storyboard in Resources */,
				B6CF7E8D2BC209B40044AED4 /* FilterView.xib in Resources */,
				B6CF7E722BC209A50044AED4 /* ExploreCell.xib in Resources */,
				B6953E8A2BC0A3B100CE543D /* LoginFlow.storyboard in Resources */,
				B6CF7E9B2BC2211B0044AED4 /* Playmode.storyboard in Resources */,
				B6CF7E962BC209B40044AED4 /* ResultCell.xib in Resources */,
				FF9A359C2B8D510700A38D62 /* Main.storyboard in Resources */,
			);
			runOnlyForDeploymentPostprocessing = 0;
		};
/* End PBXResourcesBuildPhase section */

/* Begin PBXSourcesBuildPhase section */
		FF9A358D2B8D510700A38D62 /* Sources */ = {
			isa = PBXSourcesBuildPhase;
			buildActionMask = 2147483647;
			files = (
				B6953E7B2BC0857900CE543D /* FirebaseGame.swift in Sources */,
				B6CF7E782BC209AB0044AED4 /* GameScreen.swift in Sources */,
				B6953E8C2BC0A3B100CE543D /* SignupViewController.swift in Sources */,
				B68F56D22B9A92A200179D09 /* GameManager.swift in Sources */,
				B6CF7DCB2BC1F4990044AED4 /* StoredUser+CoreDataProperties.swift in Sources */,
				B6953E8D2BC0A3B100CE543D /* LandingViewController.swift in Sources */,
				FF94C4512BA9468A0089E47C /* StoredTile+CoreDataProperties.swift in Sources */,
				B6CF7E922BC209B40044AED4 /* SearchFlow.swift in Sources */,
				039EE99D2BBA3C9000E67A61 /* TabBarController.swift in Sources */,
				FF9A359F2B8D510700A38D62 /* Wander.xcdatamodeld in Sources */,
				FF94C44C2BA9468A0089E47C /* StoredGame+CoreDataClass.swift in Sources */,
				FF94C4522BA9468A0089E47C /* StoredGame+CoreDataProperties.swift in Sources */,
				B6CF7EA02BC221BC0044AED4 /* EditorNavigation.swift in Sources */,
				B6CF7E932BC209B40044AED4 /* ResultView.swift in Sources */,
				B6CF7E8C2BC209B40044AED4 /* FilterView.swift in Sources */,
				B6CF7E952BC209B40044AED4 /* ResultCell.swift in Sources */,
				534AEF222BBDF87A00890812 /* ProfileViewController.swift in Sources */,
				B6CF7E902BC209B40044AED4 /* ContractionCell.swift in Sources */,
				FF94C44F2BA9468A0089E47C /* StoredTile+CoreDataClass.swift in Sources */,
				B6CF7DC72BC1E3350044AED4 /* LoginViewController.swift in Sources */,
				B6CF7E8E2BC209B40044AED4 /* ContractionView.swift in Sources */,
				B6CF7E732BC209A50044AED4 /* ExploreController.swift in Sources */,
				53DA0CC32BC1F9BC00CEB3A0 /* Format.swift in Sources */,
				FFA468232BC499A700AE3FAB /* InfoGame.swift in Sources */,
				FF94C44D2BA9468A0089E47C /* StoredOption+CoreDataClass.swift in Sources */,
				FF94C4532BA9468A0089E47C /* StoredUser+CoreDataClass.swift in Sources */,
				FF9A35992B8D510700A38D62 /* MyGamesViewController.swift in Sources */,
				B6CF7E9F2BC221BC0044AED4 /* DeleteGameDelegate.swift in Sources */,
				B6CF7DC92BC1EC860044AED4 /* AuthActions.swift in Sources */,
				FF9A35952B8D510700A38D62 /* AppDelegate.swift in Sources */,
				B6953E852BC0A39200CE543D /* Color.swift in Sources */,
				B6CF7E9C2BC2211B0044AED4 /* PlaymodeViewController.swift in Sources */,
				FF9A35972B8D510700A38D62 /* SceneDelegate.swift in Sources */,
				B6CF7E702BC209A50044AED4 /* ExploreNavigation.swift in Sources */,
				B66C78092B8FD4C6005A736E /* EditorViewController.swift in Sources */,
				53A70C922BA4DAA0008FC76C /* LinkingViewController.swift in Sources */,
				FF94C44E2BA9468A0089E47C /* StoredOption+CoreDataProperties.swift in Sources */,
				B66C780B2B8FD4E0005A736E /* MapViewController.swift in Sources */,
				53B010BE2B9922BB008C0BA8 /* GameTitleViewController.swift in Sources */,
				B6CF7E712BC209A50044AED4 /* ExploreCell.swift in Sources */,
			);
			runOnlyForDeploymentPostprocessing = 0;
		};
/* End PBXSourcesBuildPhase section */

/* Begin PBXVariantGroup section */
		FF9A359A2B8D510700A38D62 /* Main.storyboard */ = {
			isa = PBXVariantGroup;
			children = (
				FF9A359B2B8D510700A38D62 /* Base */,
			);
			name = Main.storyboard;
			sourceTree = "<group>";
		};
		FF9A35A22B8D510900A38D62 /* LaunchScreen.storyboard */ = {
			isa = PBXVariantGroup;
			children = (
				FF9A35A32B8D510900A38D62 /* Base */,
			);
			name = LaunchScreen.storyboard;
			sourceTree = "<group>";
		};
/* End PBXVariantGroup section */

/* Begin XCBuildConfiguration section */
		FF9A35A62B8D510900A38D62 /* Debug */ = {
			isa = XCBuildConfiguration;
			buildSettings = {
				ALWAYS_SEARCH_USER_PATHS = NO;
				ASSETCATALOG_COMPILER_GENERATE_SWIFT_ASSET_SYMBOL_EXTENSIONS = YES;
				CLANG_ANALYZER_NONNULL = YES;
				CLANG_ANALYZER_NUMBER_OBJECT_CONVERSION = YES_AGGRESSIVE;
				CLANG_CXX_LANGUAGE_STANDARD = "gnu++20";
				CLANG_ENABLE_MODULES = YES;
				CLANG_ENABLE_OBJC_ARC = YES;
				CLANG_ENABLE_OBJC_WEAK = YES;
				CLANG_WARN_BLOCK_CAPTURE_AUTORELEASING = YES;
				CLANG_WARN_BOOL_CONVERSION = YES;
				CLANG_WARN_COMMA = YES;
				CLANG_WARN_CONSTANT_CONVERSION = YES;
				CLANG_WARN_DEPRECATED_OBJC_IMPLEMENTATIONS = YES;
				CLANG_WARN_DIRECT_OBJC_ISA_USAGE = YES_ERROR;
				CLANG_WARN_DOCUMENTATION_COMMENTS = YES;
				CLANG_WARN_EMPTY_BODY = YES;
				CLANG_WARN_ENUM_CONVERSION = YES;
				CLANG_WARN_INFINITE_RECURSION = YES;
				CLANG_WARN_INT_CONVERSION = YES;
				CLANG_WARN_NON_LITERAL_NULL_CONVERSION = YES;
				CLANG_WARN_OBJC_IMPLICIT_RETAIN_SELF = YES;
				CLANG_WARN_OBJC_LITERAL_CONVERSION = YES;
				CLANG_WARN_OBJC_ROOT_CLASS = YES_ERROR;
				CLANG_WARN_QUOTED_INCLUDE_IN_FRAMEWORK_HEADER = YES;
				CLANG_WARN_RANGE_LOOP_ANALYSIS = YES;
				CLANG_WARN_STRICT_PROTOTYPES = YES;
				CLANG_WARN_SUSPICIOUS_MOVE = YES;
				CLANG_WARN_UNGUARDED_AVAILABILITY = YES_AGGRESSIVE;
				CLANG_WARN_UNREACHABLE_CODE = YES;
				CLANG_WARN__DUPLICATE_METHOD_MATCH = YES;
				COPY_PHASE_STRIP = NO;
				DEBUG_INFORMATION_FORMAT = dwarf;
				ENABLE_STRICT_OBJC_MSGSEND = YES;
				ENABLE_TESTABILITY = YES;
				ENABLE_USER_SCRIPT_SANDBOXING = YES;
				GCC_C_LANGUAGE_STANDARD = gnu17;
				GCC_DYNAMIC_NO_PIC = NO;
				GCC_NO_COMMON_BLOCKS = YES;
				GCC_OPTIMIZATION_LEVEL = 0;
				GCC_PREPROCESSOR_DEFINITIONS = (
					"DEBUG=1",
					"$(inherited)",
				);
				GCC_WARN_64_TO_32_BIT_CONVERSION = YES;
				GCC_WARN_ABOUT_RETURN_TYPE = YES_ERROR;
				GCC_WARN_UNDECLARED_SELECTOR = YES;
				GCC_WARN_UNINITIALIZED_AUTOS = YES_AGGRESSIVE;
				GCC_WARN_UNUSED_FUNCTION = YES;
				GCC_WARN_UNUSED_VARIABLE = YES;
				IPHONEOS_DEPLOYMENT_TARGET = 17.2;
				LOCALIZATION_PREFERS_STRING_CATALOGS = YES;
				MTL_ENABLE_DEBUG_INFO = INCLUDE_SOURCE;
				MTL_FAST_MATH = YES;
				ONLY_ACTIVE_ARCH = YES;
				SDKROOT = iphoneos;
				SWIFT_ACTIVE_COMPILATION_CONDITIONS = "DEBUG $(inherited)";
				SWIFT_OPTIMIZATION_LEVEL = "-Onone";
			};
			name = Debug;
		};
		FF9A35A72B8D510900A38D62 /* Release */ = {
			isa = XCBuildConfiguration;
			buildSettings = {
				ALWAYS_SEARCH_USER_PATHS = NO;
				ASSETCATALOG_COMPILER_GENERATE_SWIFT_ASSET_SYMBOL_EXTENSIONS = YES;
				CLANG_ANALYZER_NONNULL = YES;
				CLANG_ANALYZER_NUMBER_OBJECT_CONVERSION = YES_AGGRESSIVE;
				CLANG_CXX_LANGUAGE_STANDARD = "gnu++20";
				CLANG_ENABLE_MODULES = YES;
				CLANG_ENABLE_OBJC_ARC = YES;
				CLANG_ENABLE_OBJC_WEAK = YES;
				CLANG_WARN_BLOCK_CAPTURE_AUTORELEASING = YES;
				CLANG_WARN_BOOL_CONVERSION = YES;
				CLANG_WARN_COMMA = YES;
				CLANG_WARN_CONSTANT_CONVERSION = YES;
				CLANG_WARN_DEPRECATED_OBJC_IMPLEMENTATIONS = YES;
				CLANG_WARN_DIRECT_OBJC_ISA_USAGE = YES_ERROR;
				CLANG_WARN_DOCUMENTATION_COMMENTS = YES;
				CLANG_WARN_EMPTY_BODY = YES;
				CLANG_WARN_ENUM_CONVERSION = YES;
				CLANG_WARN_INFINITE_RECURSION = YES;
				CLANG_WARN_INT_CONVERSION = YES;
				CLANG_WARN_NON_LITERAL_NULL_CONVERSION = YES;
				CLANG_WARN_OBJC_IMPLICIT_RETAIN_SELF = YES;
				CLANG_WARN_OBJC_LITERAL_CONVERSION = YES;
				CLANG_WARN_OBJC_ROOT_CLASS = YES_ERROR;
				CLANG_WARN_QUOTED_INCLUDE_IN_FRAMEWORK_HEADER = YES;
				CLANG_WARN_RANGE_LOOP_ANALYSIS = YES;
				CLANG_WARN_STRICT_PROTOTYPES = YES;
				CLANG_WARN_SUSPICIOUS_MOVE = YES;
				CLANG_WARN_UNGUARDED_AVAILABILITY = YES_AGGRESSIVE;
				CLANG_WARN_UNREACHABLE_CODE = YES;
				CLANG_WARN__DUPLICATE_METHOD_MATCH = YES;
				COPY_PHASE_STRIP = NO;
				DEBUG_INFORMATION_FORMAT = "dwarf-with-dsym";
				ENABLE_NS_ASSERTIONS = NO;
				ENABLE_STRICT_OBJC_MSGSEND = YES;
				ENABLE_USER_SCRIPT_SANDBOXING = YES;
				GCC_C_LANGUAGE_STANDARD = gnu17;
				GCC_NO_COMMON_BLOCKS = YES;
				GCC_WARN_64_TO_32_BIT_CONVERSION = YES;
				GCC_WARN_ABOUT_RETURN_TYPE = YES_ERROR;
				GCC_WARN_UNDECLARED_SELECTOR = YES;
				GCC_WARN_UNINITIALIZED_AUTOS = YES_AGGRESSIVE;
				GCC_WARN_UNUSED_FUNCTION = YES;
				GCC_WARN_UNUSED_VARIABLE = YES;
				IPHONEOS_DEPLOYMENT_TARGET = 17.2;
				LOCALIZATION_PREFERS_STRING_CATALOGS = YES;
				MTL_ENABLE_DEBUG_INFO = NO;
				MTL_FAST_MATH = YES;
				SDKROOT = iphoneos;
				SWIFT_COMPILATION_MODE = wholemodule;
				VALIDATE_PRODUCT = YES;
			};
			name = Release;
		};
		FF9A35A92B8D510900A38D62 /* Debug */ = {
			isa = XCBuildConfiguration;
			buildSettings = {
				ASSETCATALOG_COMPILER_APPICON_NAME = AppIcon;
				ASSETCATALOG_COMPILER_GLOBAL_ACCENT_COLOR_NAME = AccentColor;
				CODE_SIGN_ENTITLEMENTS = Wander/Wander.entitlements;
				CODE_SIGN_STYLE = Automatic;
				CURRENT_PROJECT_VERSION = 1;
				GENERATE_INFOPLIST_FILE = YES;
				INFOPLIST_FILE = Wander/Info.plist;
				INFOPLIST_KEY_UIApplicationSupportsIndirectInputEvents = YES;
				INFOPLIST_KEY_UILaunchStoryboardName = LaunchScreen;
				INFOPLIST_KEY_UIMainStoryboardFile = TabBar;
				INFOPLIST_KEY_UISupportedInterfaceOrientations_iPad = "UIInterfaceOrientationPortrait UIInterfaceOrientationPortraitUpsideDown UIInterfaceOrientationLandscapeLeft UIInterfaceOrientationLandscapeRight";
				INFOPLIST_KEY_UISupportedInterfaceOrientations_iPhone = "UIInterfaceOrientationPortrait UIInterfaceOrientationLandscapeLeft UIInterfaceOrientationLandscapeRight";
				IPHONEOS_DEPLOYMENT_TARGET = 16.2;
				LD_RUNPATH_SEARCH_PATHS = (
					"$(inherited)",
					"@executable_path/Frameworks",
				);
				MARKETING_VERSION = 1.0;
				PRODUCT_BUNDLE_IDENTIFIER = dev.Wander;
				PRODUCT_NAME = "$(TARGET_NAME)";
				SWIFT_EMIT_LOC_STRINGS = YES;
				SWIFT_VERSION = 5.0;
				TARGETED_DEVICE_FAMILY = "1,2";
			};
			name = Debug;
		};
		FF9A35AA2B8D510900A38D62 /* Release */ = {
			isa = XCBuildConfiguration;
			buildSettings = {
				ASSETCATALOG_COMPILER_APPICON_NAME = AppIcon;
				ASSETCATALOG_COMPILER_GLOBAL_ACCENT_COLOR_NAME = AccentColor;
				CODE_SIGN_ENTITLEMENTS = Wander/Wander.entitlements;
				CODE_SIGN_STYLE = Automatic;
				CURRENT_PROJECT_VERSION = 1;
				GENERATE_INFOPLIST_FILE = YES;
				INFOPLIST_FILE = Wander/Info.plist;
				INFOPLIST_KEY_UIApplicationSupportsIndirectInputEvents = YES;
				INFOPLIST_KEY_UILaunchStoryboardName = LaunchScreen;
				INFOPLIST_KEY_UIMainStoryboardFile = TabBar;
				INFOPLIST_KEY_UISupportedInterfaceOrientations_iPad = "UIInterfaceOrientationPortrait UIInterfaceOrientationPortraitUpsideDown UIInterfaceOrientationLandscapeLeft UIInterfaceOrientationLandscapeRight";
				INFOPLIST_KEY_UISupportedInterfaceOrientations_iPhone = "UIInterfaceOrientationPortrait UIInterfaceOrientationLandscapeLeft UIInterfaceOrientationLandscapeRight";
				IPHONEOS_DEPLOYMENT_TARGET = 16.2;
				LD_RUNPATH_SEARCH_PATHS = (
					"$(inherited)",
					"@executable_path/Frameworks",
				);
				MARKETING_VERSION = 1.0;
				PRODUCT_BUNDLE_IDENTIFIER = dev.Wander;
				PRODUCT_NAME = "$(TARGET_NAME)";
				SWIFT_EMIT_LOC_STRINGS = YES;
				SWIFT_VERSION = 5.0;
				TARGETED_DEVICE_FAMILY = "1,2";
			};
			name = Release;
		};
/* End XCBuildConfiguration section */

/* Begin XCConfigurationList section */
		FF9A358C2B8D510600A38D62 /* Build configuration list for PBXProject "Wander" */ = {
			isa = XCConfigurationList;
			buildConfigurations = (
				FF9A35A62B8D510900A38D62 /* Debug */,
				FF9A35A72B8D510900A38D62 /* Release */,
			);
			defaultConfigurationIsVisible = 0;
			defaultConfigurationName = Release;
		};
		FF9A35A82B8D510900A38D62 /* Build configuration list for PBXNativeTarget "Wander" */ = {
			isa = XCConfigurationList;
			buildConfigurations = (
				FF9A35A92B8D510900A38D62 /* Debug */,
				FF9A35AA2B8D510900A38D62 /* Release */,
			);
			defaultConfigurationIsVisible = 0;
			defaultConfigurationName = Release;
		};
/* End XCConfigurationList section */

/* Begin XCRemoteSwiftPackageReference section */
		B6552B4E2BAE2A5600D06004 /* XCRemoteSwiftPackageReference "firebase-ios-sdk" */ = {
			isa = XCRemoteSwiftPackageReference;
			repositoryURL = "https://github.com/firebase/firebase-ios-sdk";
			requirement = {
				kind = upToNextMajorVersion;
				minimumVersion = 10.23.0;
			};
		};
		FF7880CD2BB0F60F00689BEC /* XCRemoteSwiftPackageReference "TOCropViewController" */ = {
			isa = XCRemoteSwiftPackageReference;
			repositoryURL = "https://github.com/TimOliver/TOCropViewController";
			requirement = {
				kind = upToNextMajorVersion;
				minimumVersion = 2.6.1;
			};
		};
/* End XCRemoteSwiftPackageReference section */

/* Begin XCSwiftPackageProductDependency section */
		B6552B4F2BAE2A5600D06004 /* FirebaseAnalytics */ = {
			isa = XCSwiftPackageProductDependency;
			package = B6552B4E2BAE2A5600D06004 /* XCRemoteSwiftPackageReference "firebase-ios-sdk" */;
			productName = FirebaseAnalytics;
		};
		B6552B512BAE2A5600D06004 /* FirebaseAnalyticsOnDeviceConversion */ = {
			isa = XCSwiftPackageProductDependency;
			package = B6552B4E2BAE2A5600D06004 /* XCRemoteSwiftPackageReference "firebase-ios-sdk" */;
			productName = FirebaseAnalyticsOnDeviceConversion;
		};
		B6552B532BAE2A5600D06004 /* FirebaseAnalyticsSwift */ = {
			isa = XCSwiftPackageProductDependency;
			package = B6552B4E2BAE2A5600D06004 /* XCRemoteSwiftPackageReference "firebase-ios-sdk" */;
			productName = FirebaseAnalyticsSwift;
		};
		B6552B552BAE2A5600D06004 /* FirebaseAnalyticsWithoutAdIdSupport */ = {
			isa = XCSwiftPackageProductDependency;
			package = B6552B4E2BAE2A5600D06004 /* XCRemoteSwiftPackageReference "firebase-ios-sdk" */;
			productName = FirebaseAnalyticsWithoutAdIdSupport;
		};
		B6552B572BAE2A5600D06004 /* FirebaseAppCheck */ = {
			isa = XCSwiftPackageProductDependency;
			package = B6552B4E2BAE2A5600D06004 /* XCRemoteSwiftPackageReference "firebase-ios-sdk" */;
			productName = FirebaseAppCheck;
		};
		B6552B592BAE2A5600D06004 /* FirebaseAppDistribution-Beta */ = {
			isa = XCSwiftPackageProductDependency;
			package = B6552B4E2BAE2A5600D06004 /* XCRemoteSwiftPackageReference "firebase-ios-sdk" */;
			productName = "FirebaseAppDistribution-Beta";
		};
		B6552B5B2BAE2A5600D06004 /* FirebaseAuth */ = {
			isa = XCSwiftPackageProductDependency;
			package = B6552B4E2BAE2A5600D06004 /* XCRemoteSwiftPackageReference "firebase-ios-sdk" */;
			productName = FirebaseAuth;
		};
		B6552B5D2BAE2A5600D06004 /* FirebaseAuthCombine-Community */ = {
			isa = XCSwiftPackageProductDependency;
			package = B6552B4E2BAE2A5600D06004 /* XCRemoteSwiftPackageReference "firebase-ios-sdk" */;
			productName = "FirebaseAuthCombine-Community";
		};
		B6552B5F2BAE2A5600D06004 /* FirebaseCrashlytics */ = {
			isa = XCSwiftPackageProductDependency;
			package = B6552B4E2BAE2A5600D06004 /* XCRemoteSwiftPackageReference "firebase-ios-sdk" */;
			productName = FirebaseCrashlytics;
		};
		B6552B612BAE2A5600D06004 /* FirebaseDatabase */ = {
			isa = XCSwiftPackageProductDependency;
			package = B6552B4E2BAE2A5600D06004 /* XCRemoteSwiftPackageReference "firebase-ios-sdk" */;
			productName = FirebaseDatabase;
		};
		B6552B632BAE2A5600D06004 /* FirebaseDatabaseSwift */ = {
			isa = XCSwiftPackageProductDependency;
			package = B6552B4E2BAE2A5600D06004 /* XCRemoteSwiftPackageReference "firebase-ios-sdk" */;
			productName = FirebaseDatabaseSwift;
		};
		B6552B652BAE2A5600D06004 /* FirebaseDynamicLinks */ = {
			isa = XCSwiftPackageProductDependency;
			package = B6552B4E2BAE2A5600D06004 /* XCRemoteSwiftPackageReference "firebase-ios-sdk" */;
			productName = FirebaseDynamicLinks;
		};
		B6552B672BAE2A5600D06004 /* FirebaseFirestore */ = {
			isa = XCSwiftPackageProductDependency;
			package = B6552B4E2BAE2A5600D06004 /* XCRemoteSwiftPackageReference "firebase-ios-sdk" */;
			productName = FirebaseFirestore;
		};
		B6552B692BAE2A5600D06004 /* FirebaseFirestoreCombine-Community */ = {
			isa = XCSwiftPackageProductDependency;
			package = B6552B4E2BAE2A5600D06004 /* XCRemoteSwiftPackageReference "firebase-ios-sdk" */;
			productName = "FirebaseFirestoreCombine-Community";
		};
		B6552B6B2BAE2A5600D06004 /* FirebaseFirestoreSwift */ = {
			isa = XCSwiftPackageProductDependency;
			package = B6552B4E2BAE2A5600D06004 /* XCRemoteSwiftPackageReference "firebase-ios-sdk" */;
			productName = FirebaseFirestoreSwift;
		};
		B6552B6D2BAE2A5600D06004 /* FirebaseFunctions */ = {
			isa = XCSwiftPackageProductDependency;
			package = B6552B4E2BAE2A5600D06004 /* XCRemoteSwiftPackageReference "firebase-ios-sdk" */;
			productName = FirebaseFunctions;
		};
		B6552B6F2BAE2A5600D06004 /* FirebaseFunctionsCombine-Community */ = {
			isa = XCSwiftPackageProductDependency;
			package = B6552B4E2BAE2A5600D06004 /* XCRemoteSwiftPackageReference "firebase-ios-sdk" */;
			productName = "FirebaseFunctionsCombine-Community";
		};
		B6552B712BAE2A5600D06004 /* FirebaseInAppMessaging-Beta */ = {
			isa = XCSwiftPackageProductDependency;
			package = B6552B4E2BAE2A5600D06004 /* XCRemoteSwiftPackageReference "firebase-ios-sdk" */;
			productName = "FirebaseInAppMessaging-Beta";
		};
		B6552B732BAE2A5600D06004 /* FirebaseInAppMessagingSwift-Beta */ = {
			isa = XCSwiftPackageProductDependency;
			package = B6552B4E2BAE2A5600D06004 /* XCRemoteSwiftPackageReference "firebase-ios-sdk" */;
			productName = "FirebaseInAppMessagingSwift-Beta";
		};
		B6552B752BAE2A5600D06004 /* FirebaseInstallations */ = {
			isa = XCSwiftPackageProductDependency;
			package = B6552B4E2BAE2A5600D06004 /* XCRemoteSwiftPackageReference "firebase-ios-sdk" */;
			productName = FirebaseInstallations;
		};
		B6552B772BAE2A5600D06004 /* FirebaseMLModelDownloader */ = {
			isa = XCSwiftPackageProductDependency;
			package = B6552B4E2BAE2A5600D06004 /* XCRemoteSwiftPackageReference "firebase-ios-sdk" */;
			productName = FirebaseMLModelDownloader;
		};
		B6552B792BAE2A5600D06004 /* FirebaseMessaging */ = {
			isa = XCSwiftPackageProductDependency;
			package = B6552B4E2BAE2A5600D06004 /* XCRemoteSwiftPackageReference "firebase-ios-sdk" */;
			productName = FirebaseMessaging;
		};
		B6552B7B2BAE2A5600D06004 /* FirebasePerformance */ = {
			isa = XCSwiftPackageProductDependency;
			package = B6552B4E2BAE2A5600D06004 /* XCRemoteSwiftPackageReference "firebase-ios-sdk" */;
			productName = FirebasePerformance;
		};
		B6552B7D2BAE2A5600D06004 /* FirebaseRemoteConfig */ = {
			isa = XCSwiftPackageProductDependency;
			package = B6552B4E2BAE2A5600D06004 /* XCRemoteSwiftPackageReference "firebase-ios-sdk" */;
			productName = FirebaseRemoteConfig;
		};
		B6552B7F2BAE2A5600D06004 /* FirebaseRemoteConfigSwift */ = {
			isa = XCSwiftPackageProductDependency;
			package = B6552B4E2BAE2A5600D06004 /* XCRemoteSwiftPackageReference "firebase-ios-sdk" */;
			productName = FirebaseRemoteConfigSwift;
		};
		B6552B812BAE2A5600D06004 /* FirebaseStorage */ = {
			isa = XCSwiftPackageProductDependency;
			package = B6552B4E2BAE2A5600D06004 /* XCRemoteSwiftPackageReference "firebase-ios-sdk" */;
			productName = FirebaseStorage;
		};
		B6552B832BAE2A5600D06004 /* FirebaseStorageCombine-Community */ = {
			isa = XCSwiftPackageProductDependency;
			package = B6552B4E2BAE2A5600D06004 /* XCRemoteSwiftPackageReference "firebase-ios-sdk" */;
			productName = "FirebaseStorageCombine-Community";
		};
		FF7880CE2BB0F60F00689BEC /* CropViewController */ = {
			isa = XCSwiftPackageProductDependency;
			package = FF7880CD2BB0F60F00689BEC /* XCRemoteSwiftPackageReference "TOCropViewController" */;
			productName = CropViewController;
		};
		FF7880D02BB0F60F00689BEC /* TOCropViewController */ = {
			isa = XCSwiftPackageProductDependency;
			package = FF7880CD2BB0F60F00689BEC /* XCRemoteSwiftPackageReference "TOCropViewController" */;
			productName = TOCropViewController;
		};
/* End XCSwiftPackageProductDependency section */

/* Begin XCVersionGroup section */
		FF9A359D2B8D510700A38D62 /* Wander.xcdatamodeld */ = {
			isa = XCVersionGroup;
			children = (
				FF9A359E2B8D510700A38D62 /* Wander.xcdatamodel */,
			);
			currentVersion = FF9A359E2B8D510700A38D62 /* Wander.xcdatamodel */;
			path = Wander.xcdatamodeld;
			sourceTree = "<group>";
			versionGroupType = wrapper.xcdatamodel;
		};
/* End XCVersionGroup section */
	};
	rootObject = FF9A35892B8D510600A38D62 /* Project object */;
}
