{
  "originHash" : "c3d89634dea2e7a8af08ba58660448010a0c6a0ae5b17e56739d16c625b16289",
  "pins" : [
    {
      "identity" : "tocropviewcontroller",
      "kind" : "remoteSourceControl",
      "location" : "https://github.com/TimOliver/TOCropViewController.git",
      "state" : {
        "revision" : "d0470491f56e734731bbf77991944c0dfdee3e0e",
        "version" : "2.6.1"
      }
    }
  ],
  "version" : 3
}
